
Microsoft Visual Studio Solution File, Format Version 12.00
# Visual Studio Version 17
VisualStudioVersion = 17.0.31903.59
MinimumVisualStudioVersion = 10.0.40219.1
Project("{2150E333-8FDC-42A3-9474-1A3956D46DE8}") = "Solution Items", "Solution Items", "{6DFCE5BB-1112-4EAA-B99B-A271F67552A1}"
	ProjectSection(SolutionItems) = preProject
		.editorconfig = .editorconfig
		Directory.Build.props = Directory.Build.props
		src\Directory.Build.props = src\Directory.Build.props
		Directory.Packages.props = Directory.Packages.props
	EndProjectSection
EndProject
Project("{2150E333-8FDC-42A3-9474-1A3956D46DE8}") = "src", "src", "{91577B53-8865-4BEB-832B-E8DF76C62CC4}"
EndProject
Project("{FAE04EC0-301F-11D3-BF4B-00C04F79EFBC}") = "Core", "src\Core\Core.csproj", "{B3941E27-857E-4CDC-A4BC-8A63B6BDD796}"
EndProject
Project("{FAE04EC0-301F-11D3-BF4B-00C04F79EFBC}") = "Commands", "src\Commands\Commands.csproj", "{43D9348F-AA51-49D5-9D81-C684F1920772}"
EndProject
Project("{2150E333-8FDC-42A3-9474-1A3956D46DE8}") = "tests", "tests", "{D452FA1D-0B0B-4837-B666-14424FE5C390}"
EndProject
Project("{2150E333-8FDC-42A3-9474-1A3956D46DE8}") = "unit", "unit", "{BBAF0913-0438-43C9-B912-00E84980F6A2}"
EndProject
Project("{2150E333-8FDC-42A3-9474-1A3956D46DE8}") = "Core", "Core", "{E24DA970-C4AD-491C-92F7-70C9A373D795}"
EndProject
Project("{FAE04EC0-301F-11D3-BF4B-00C04F79EFBC}") = "SemanticAttributeNamedAssociator", "tests\unit\Core\SemanticAttributeNamedAssociator\SemanticAttributeNamedAssociator.csproj", "{1E026EC6-BE57-4C8B-B7DE-330F93F7EA19}"
EndProject
Project("{2150E333-8FDC-42A3-9474-1A3956D46DE8}") = "integration", "integration", "{640EAD46-1EDC-4C99-9364-B1ABE7EEAB3F}"
EndProject
Project("{2150E333-8FDC-42A3-9474-1A3956D46DE8}") = "Core", "Core", "{EAD0E14B-F111-48BB-9A27-95DDDFE6E127}"
EndProject
Project("{2150E333-8FDC-42A3-9474-1A3956D46DE8}") = "SemanticAttributeNamedAssociator", "SemanticAttributeNamedAssociator", "{E0DBC5BC-8876-420C-9867-6D272905091E}"
EndProject
Project("{FAE04EC0-301F-11D3-BF4B-00C04F79EFBC}") = "SemanticAttributeNamedAssociator_CSharp12", "tests\integration\Core\SemanticAttributeNamedAssociator\CSharp12\SemanticAttributeNamedAssociator_CSharp12.csproj", "{02AB194A-CE1F-4EF8-928D-DC00535F8D2A}"
EndProject
Global
	GlobalSection(SolutionConfigurationPlatforms) = preSolution
		Debug|Any CPU = Debug|Any CPU
		Release|Any CPU = Release|Any CPU
	EndGlobalSection
	GlobalSection(ProjectConfigurationPlatforms) = postSolution
		{B3941E27-857E-4CDC-A4BC-8A63B6BDD796}.Debug|Any CPU.ActiveCfg = Debug|Any CPU
		{B3941E27-857E-4CDC-A4BC-8A63B6BDD796}.Debug|Any CPU.Build.0 = Debug|Any CPU
		{B3941E27-857E-4CDC-A4BC-8A63B6BDD796}.Release|Any CPU.ActiveCfg = Release|Any CPU
		{B3941E27-857E-4CDC-A4BC-8A63B6BDD796}.Release|Any CPU.Build.0 = Release|Any CPU
		{43D9348F-AA51-49D5-9D81-C684F1920772}.Debug|Any CPU.ActiveCfg = Debug|Any CPU
		{43D9348F-AA51-49D5-9D81-C684F1920772}.Debug|Any CPU.Build.0 = Debug|Any CPU
		{43D9348F-AA51-49D5-9D81-C684F1920772}.Release|Any CPU.ActiveCfg = Release|Any CPU
		{43D9348F-AA51-49D5-9D81-C684F1920772}.Release|Any CPU.Build.0 = Release|Any CPU
		{1E026EC6-BE57-4C8B-B7DE-330F93F7EA19}.Debug|Any CPU.ActiveCfg = Debug|Any CPU
		{1E026EC6-BE57-4C8B-B7DE-330F93F7EA19}.Debug|Any CPU.Build.0 = Debug|Any CPU
		{1E026EC6-BE57-4C8B-B7DE-330F93F7EA19}.Release|Any CPU.ActiveCfg = Release|Any CPU
		{1E026EC6-BE57-4C8B-B7DE-330F93F7EA19}.Release|Any CPU.Build.0 = Release|Any CPU
		{02AB194A-CE1F-4EF8-928D-DC00535F8D2A}.Debug|Any CPU.ActiveCfg = Debug|Any CPU
		{02AB194A-CE1F-4EF8-928D-DC00535F8D2A}.Debug|Any CPU.Build.0 = Debug|Any CPU
		{02AB194A-CE1F-4EF8-928D-DC00535F8D2A}.Release|Any CPU.ActiveCfg = Release|Any CPU
		{02AB194A-CE1F-4EF8-928D-DC00535F8D2A}.Release|Any CPU.Build.0 = Release|Any CPU
	EndGlobalSection
	GlobalSection(SolutionProperties) = preSolution
		HideSolutionNode = FALSE
	EndGlobalSection
	GlobalSection(NestedProjects) = preSolution
		{B3941E27-857E-4CDC-A4BC-8A63B6BDD796} = {91577B53-8865-4BEB-832B-E8DF76C62CC4}
		{43D9348F-AA51-49D5-9D81-C684F1920772} = {91577B53-8865-4BEB-832B-E8DF76C62CC4}
		{BBAF0913-0438-43C9-B912-00E84980F6A2} = {D452FA1D-0B0B-4837-B666-14424FE5C390}
		{E24DA970-C4AD-491C-92F7-70C9A373D795} = {BBAF0913-0438-43C9-B912-00E84980F6A2}
		{1E026EC6-BE57-4C8B-B7DE-330F93F7EA19} = {E24DA970-C4AD-491C-92F7-70C9A373D795}
		{640EAD46-1EDC-4C99-9364-B1ABE7EEAB3F} = {D452FA1D-0B0B-4837-B666-14424FE5C390}
		{EAD0E14B-F111-48BB-9A27-95DDDFE6E127} = {640EAD46-1EDC-4C99-9364-B1ABE7EEAB3F}
		{E0DBC5BC-8876-420C-9867-6D272905091E} = {EAD0E14B-F111-48BB-9A27-95DDDFE6E127}
		{02AB194A-CE1F-4EF8-928D-DC00535F8D2A} = {E0DBC5BC-8876-420C-9867-6D272905091E}
	EndGlobalSection
	GlobalSection(ExtensibilityGlobals) = postSolution
		SolutionGuid = {03179225-A3B7-47F2-BED2-FFC518DCFD28}
	EndGlobalSection
EndGlobal
